
Microsoft Visual Studio Solution File, Format Version 12.00
# Visual Studio Version 17
VisualStudioVersion = 17.7.34031.279
MinimumVisualStudioVersion = 10.0.40219.1
Project("{FAE04EC0-301F-11D3-BF4B-00C04F79EFBC}") = "JokesWebApp1", "JokesWebApp1\JokesWebApp1.csproj", "{342C6856-4CBE-4FA3-89DC-B9644248F980}"
EndProject
Global
	GlobalSection(SolutionConfigurationPlatforms) = preSolution
		Debug|Any CPU = Debug|Any CPU
		Release|Any CPU = Release|Any CPU
	EndGlobalSection
	GlobalSection(ProjectConfigurationPlatforms) = postSolution
		{342C6856-4CBE-4FA3-89DC-B9644248F980}.Debug|Any CPU.ActiveCfg = Debug|Any CPU
		{342C6856-4CBE-4FA3-89DC-B9644248F980}.Debug|Any CPU.Build.0 = Debug|Any CPU
		{342C6856-4CBE-4FA3-89DC-B9644248F980}.Release|Any CPU.ActiveCfg = Release|Any CPU
		{342C6856-4CBE-4FA3-89DC-B9644248F980}.Release|Any CPU.Build.0 = Release|Any CPU
	EndGlobalSection
	GlobalSection(SolutionProperties) = preSolution
		HideSolutionNode = FALSE
	EndGlobalSection
	GlobalSection(ExtensibilityGlobals) = postSolution
		SolutionGuid = {F3167535-8AD7-475A-B67B-1678E17ECAC9}
	EndGlobalSection
EndGlobal
