
Microsoft Visual Studio Solution File, Format Version 12.00
# Visual Studio Version 17
VisualStudioVersion = 17.7.34031.279
MinimumVisualStudioVersion = 10.0.40219.1
Project("{FAE04EC0-301F-11D3-BF4B-00C04F79EFBC}") = "Full-stackJokesWebApp", "Full-stackJokesWebApp.csproj", "{5B875CCC-BC03-4E66-A651-48C23E92D9B9}"
EndProject
Global
	GlobalSection(SolutionConfigurationPlatforms) = preSolution
		Debug|Any CPU = Debug|Any CPU
		Release|Any CPU = Release|Any CPU
	EndGlobalSection
	GlobalSection(ProjectConfigurationPlatforms) = postSolution
		{5B875CCC-BC03-4E66-A651-48C23E92D9B9}.Debug|Any CPU.ActiveCfg = Debug|Any CPU
		{5B875CCC-BC03-4E66-A651-48C23E92D9B9}.Debug|Any CPU.Build.0 = Debug|Any CPU
		{5B875CCC-BC03-4E66-A651-48C23E92D9B9}.Release|Any CPU.ActiveCfg = Release|Any CPU
		{5B875CCC-BC03-4E66-A651-48C23E92D9B9}.Release|Any CPU.Build.0 = Release|Any CPU
	EndGlobalSection
	GlobalSection(SolutionProperties) = preSolution
		HideSolutionNode = FALSE
	EndGlobalSection
	GlobalSection(ExtensibilityGlobals) = postSolution
		SolutionGuid = {12439888-F9BF-409A-8BD4-8176E3BBA90B}
	EndGlobalSection
EndGlobal
